
Microsoft Visual Studio Solution File, Format Version 12.00
Project("{FAE04EC0-301F-11D3-BF4B-00C04F79EFBC}") = "Minecraft", "Minecraft\Minecraft.csproj", "{BA4312BF-D451-4B94-BA68-C9688540EA8D}"
EndProject
Project("{FAE04EC0-301F-11D3-BF4B-00C04F79EFBC}") = "MinecraftTests", "MinecraftTests\MinecraftTests.csproj", "{DE8E3A24-1C37-48EA-A37C-ED3D1C994FB8}"
EndProject
Project("{FAE04EC0-301F-11D3-BF4B-00C04F79EFBC}") = "GUI", "GUI\GUI.csproj", "{948AAFFD-3996-4F0C-9D84-8EE5E79235D6}"
EndProject
Global
	GlobalSection(SolutionConfigurationPlatforms) = preSolution
		Debug|Any CPU = Debug|Any CPU
		Release|Any CPU = Release|Any CPU
	EndGlobalSection
	GlobalSection(ProjectConfigurationPlatforms) = postSolution
		{BA4312BF-D451-4B94-BA68-C9688540EA8D}.Debug|Any CPU.ActiveCfg = Debug|Any CPU
		{BA4312BF-D451-4B94-BA68-C9688540EA8D}.Debug|Any CPU.Build.0 = Debug|Any CPU
		{BA4312BF-D451-4B94-BA68-C9688540EA8D}.Release|Any CPU.ActiveCfg = Release|Any CPU
		{BA4312BF-D451-4B94-BA68-C9688540EA8D}.Release|Any CPU.Build.0 = Release|Any CPU
		{DE8E3A24-1C37-48EA-A37C-ED3D1C994FB8}.Debug|Any CPU.ActiveCfg = Debug|Any CPU
		{DE8E3A24-1C37-48EA-A37C-ED3D1C994FB8}.Debug|Any CPU.Build.0 = Debug|Any CPU
		{DE8E3A24-1C37-48EA-A37C-ED3D1C994FB8}.Release|Any CPU.ActiveCfg = Release|Any CPU
		{DE8E3A24-1C37-48EA-A37C-ED3D1C994FB8}.Release|Any CPU.Build.0 = Release|Any CPU
		{948AAFFD-3996-4F0C-9D84-8EE5E79235D6}.Debug|Any CPU.ActiveCfg = Debug|Any CPU
		{948AAFFD-3996-4F0C-9D84-8EE5E79235D6}.Debug|Any CPU.Build.0 = Debug|Any CPU
		{948AAFFD-3996-4F0C-9D84-8EE5E79235D6}.Release|Any CPU.ActiveCfg = Release|Any CPU
		{948AAFFD-3996-4F0C-9D84-8EE5E79235D6}.Release|Any CPU.Build.0 = Release|Any CPU
	EndGlobalSection
EndGlobal
